{
    "_meta": {
        "hash": {
            "sha256": "0a19757173776bcff4b84a39482ac8017abed7b06ec58418e17f35c407614716"
        },
        "pipfile-spec": 6,
        "requires": {
            "python_version": "3.7"
        },
        "sources": [
            {
                "name": "pypi",
                "url": "https://pypi.org/simple",
                "verify_ssl": true
            }
        ]
    },
    "default": {
        "sqlalchemy": {
            "hashes": [
                "sha256:8d73fc5dd11a9e334371922d7bbeaab26d1af78f07fd11c143840473d4db8c18",
                "sha256:d5432832f91d200c3d8b473a266d59442d825f9ea744c467e68c5d9a9479fbce"
            ],
            "index": "pypi",
            "version": "==1.3.2"
        }
    },
    "develop": {}
}
